{
  "name": "cfmm-math-libraries",
  "version": "1.0.1",
  "lockfileVersion": 2,
  "requires": true,
  "packages": {
    "": {
      "name": "cfmm-math-libraries",
      "version": "1.0.1",
      "license": "MIT",
      "dependencies": {
        "cfmm-math-libraries": "^1.0.1"
      }
    },
    "node_modules/cfmm-math-libraries": {
      "version": "1.0.1",
      "resolved": "https://registry.npmjs.org/cfmm-math-libraries/-/cfmm-math-libraries-1.0.1.tgz",
      "integrity": "sha512-prOEOfPcfXpcS9RmGc+WlpJaNBxImTLVkru8H7c01rHApPsSd1+Vq2Cjp4ru9ZiF0hPJIzG7U8Y9a9ln71MlIw=="
    }
  },
  "dependencies": {
    "cfmm-math-libraries": {
      "version": "1.0.1",
      "resolved": "https://registry.npmjs.org/cfmm-math-libraries/-/cfmm-math-libraries-1.0.1.tgz",
      "integrity": "sha512-prOEOfPcfXpcS9RmGc+WlpJaNBxImTLVkru8H7c01rHApPsSd1+Vq2Cjp4ru9ZiF0hPJIzG7U8Y9a9ln71MlIw=="
    }
  }
}
