{
  "name": "@0xosiris/cfmm-math-libraries",
  "version": "1.1.0",
  "lockfileVersion": 2,
  "requires": true,
  "packages": {
    "": {
      "name": "@0xosiris/cfmm-math-libraries",
      "version": "1.1.0",
      "license": "MIT",
      "dependencies": {
        "@0xosiris/cfmm-math-libraries": "^1.1.0"
      }
    },
    "node_modules/@0xosiris/cfmm-math-libraries": {
      "version": "1.1.0",
      "resolved": "https://registry.npmjs.org/@0xosiris/cfmm-math-libraries/-/cfmm-math-libraries-1.1.0.tgz",
      "integrity": "sha512-WH/7CC5D5ZirzYDIwUY97jab+gEGnLGKt5JwGjlYiislDCXvYI/n1V2/I/MuDunk2exeOLi6bGEBbu0SjdrthA=="
    }
  },
  "dependencies": {
    "@0xosiris/cfmm-math-libraries": {
      "version": "1.1.0",
      "resolved": "https://registry.npmjs.org/@0xosiris/cfmm-math-libraries/-/cfmm-math-libraries-1.1.0.tgz",
      "integrity": "sha512-WH/7CC5D5ZirzYDIwUY97jab+gEGnLGKt5JwGjlYiislDCXvYI/n1V2/I/MuDunk2exeOLi6bGEBbu0SjdrthA=="
    }
  }
}
